// !$*UTF8*$!
{
	archiveVersion = 1;
	classes = {
	};
	objectVersion = 50;
	objects = {

/* Begin PBXBuildFile section */
		1E78A05624DC3F6C0029FCAC /* Assets.xcassets in Resources */ = {isa = PBXBuildFile; fileRef = 1E78A05524DC3F6C0029FCAC /* Assets.xcassets */; };
		1E78A05924DC3F6C0029FCAC /* Preview Assets.xcassets in Resources */ = {isa = PBXBuildFile; fileRef = 1E78A05824DC3F6C0029FCAC /* Preview Assets.xcassets */; };
		1E78A06424DC3F6C0029FCAC /* speedruntechMVVMTests.swift in Sources */ = {isa = PBXBuildFile; fileRef = 1E78A06324DC3F6C0029FCAC /* speedruntechMVVMTests.swift */; };
		1E78A06F24DC3F6C0029FCAC /* speedruntechMVVMUITests.swift in Sources */ = {isa = PBXBuildFile; fileRef = 1E78A06E24DC3F6C0029FCAC /* speedruntechMVVMUITests.swift */; };
		1E78A08024DC3FE50029FCAC /* Constants.swift in Sources */ = {isa = PBXBuildFile; fileRef = 1E78A07F24DC3FE50029FCAC /* Constants.swift */; };
		1E78A08724DC3FF80029FCAC /* GamesRepository.swift in Sources */ = {isa = PBXBuildFile; fileRef = 1E78A08224DC3FF80029FCAC /* GamesRepository.swift */; };
		1E78A08824DC3FF80029FCAC /* SpeedRunAPI.swift in Sources */ = {isa = PBXBuildFile; fileRef = 1E78A08424DC3FF80029FCAC /* SpeedRunAPI.swift */; };
		1E78A08924DC3FF80029FCAC /* RestClient.swift in Sources */ = {isa = PBXBuildFile; fileRef = 1E78A08524DC3FF80029FCAC /* RestClient.swift */; };
		1E78A08A24DC3FF80029FCAC /* GameResponse.swift in Sources */ = {isa = PBXBuildFile; fileRef = 1E78A08624DC3FF80029FCAC /* GameResponse.swift */; };
		1E78A08C24DC3FFF0029FCAC /* speedruntechMVVMApp.swift in Sources */ = {isa = PBXBuildFile; fileRef = 1E78A08B24DC3FFF0029FCAC /* speedruntechMVVMApp.swift */; };
		1E78A09124DC40270029FCAC /* GetGamesUseCase.swift in Sources */ = {isa = PBXBuildFile; fileRef = 1E78A08F24DC40270029FCAC /* GetGamesUseCase.swift */; };
		1E78A09224DC40270029FCAC /* GetImageUseCase.swift in Sources */ = {isa = PBXBuildFile; fileRef = 1E78A09024DC40270029FCAC /* GetImageUseCase.swift */; };
		1E78A09824DC40500029FCAC /* GameListView.swift in Sources */ = {isa = PBXBuildFile; fileRef = 1E78A09424DC40500029FCAC /* GameListView.swift */; };
		1E78A09924DC40500029FCAC /* GameItemView.swift in Sources */ = {isa = PBXBuildFile; fileRef = 1E78A09524DC40500029FCAC /* GameItemView.swift */; };
		1E78A09A24DC40500029FCAC /* GameListViewModel.swift in Sources */ = {isa = PBXBuildFile; fileRef = 1E78A09624DC40500029FCAC /* GameListViewModel.swift */; };
		1E78A09B24DC40500029FCAC /* GameItemViewModel.swift in Sources */ = {isa = PBXBuildFile; fileRef = 1E78A09724DC40500029FCAC /* GameItemViewModel.swift */; };
/* End PBXBuildFile section */

/* Begin PBXContainerItemProxy section */
		1E78A06024DC3F6C0029FCAC /* PBXContainerItemProxy */ = {
			isa = PBXContainerItemProxy;
			containerPortal = 1E78A04624DC3F6B0029FCAC /* Project object */;
			proxyType = 1;
			remoteGlobalIDString = 1E78A04D24DC3F6B0029FCAC;
			remoteInfo = speedruntechMVVM;
		};
		1E78A06B24DC3F6C0029FCAC /* PBXContainerItemProxy */ = {
			isa = PBXContainerItemProxy;
			containerPortal = 1E78A04624DC3F6B0029FCAC /* Project object */;
			proxyType = 1;
			remoteGlobalIDString = 1E78A04D24DC3F6B0029FCAC;
			remoteInfo = speedruntechMVVM;
		};
/* End PBXContainerItemProxy section */

/* Begin PBXFileReference section */
		1E78A04E24DC3F6B0029FCAC /* speedruntechMVVM.app */ = {isa = PBXFileReference; explicitFileType = wrapper.application; includeInIndex = 0; path = speedruntechMVVM.app; sourceTree = BUILT_PRODUCTS_DIR; };
		1E78A05524DC3F6C0029FCAC /* Assets.xcassets */ = {isa = PBXFileReference; lastKnownFileType = folder.assetcatalog; path = Assets.xcassets; sourceTree = "<group>"; };
		1E78A05824DC3F6C0029FCAC /* Preview Assets.xcassets */ = {isa = PBXFileReference; lastKnownFileType = folder.assetcatalog; path = "Preview Assets.xcassets"; sourceTree = "<group>"; };
		1E78A05A24DC3F6C0029FCAC /* Info.plist */ = {isa = PBXFileReference; lastKnownFileType = text.plist.xml; path = Info.plist; sourceTree = "<group>"; };
		1E78A05F24DC3F6C0029FCAC /* speedruntechMVVMTests.xctest */ = {isa = PBXFileReference; explicitFileType = wrapper.cfbundle; includeInIndex = 0; path = speedruntechMVVMTests.xctest; sourceTree = BUILT_PRODUCTS_DIR; };
		1E78A06324DC3F6C0029FCAC /* speedruntechMVVMTests.swift */ = {isa = PBXFileReference; lastKnownFileType = sourcecode.swift; path = speedruntechMVVMTests.swift; sourceTree = "<group>"; };
		1E78A06524DC3F6C0029FCAC /* Info.plist */ = {isa = PBXFileReference; lastKnownFileType = text.plist.xml; path = Info.plist; sourceTree = "<group>"; };
		1E78A06A24DC3F6C0029FCAC /* speedruntechMVVMUITests.xctest */ = {isa = PBXFileReference; explicitFileType = wrapper.cfbundle; includeInIndex = 0; path = speedruntechMVVMUITests.xctest; sourceTree = BUILT_PRODUCTS_DIR; };
		1E78A06E24DC3F6C0029FCAC /* speedruntechMVVMUITests.swift */ = {isa = PBXFileReference; lastKnownFileType = sourcecode.swift; path = speedruntechMVVMUITests.swift; sourceTree = "<group>"; };
		1E78A07024DC3F6C0029FCAC /* Info.plist */ = {isa = PBXFileReference; lastKnownFileType = text.plist.xml; path = Info.plist; sourceTree = "<group>"; };
		1E78A07F24DC3FE50029FCAC /* Constants.swift */ = {isa = PBXFileReference; fileEncoding = 4; lastKnownFileType = sourcecode.swift; path = Constants.swift; sourceTree = "<group>"; };
		1E78A08224DC3FF80029FCAC /* GamesRepository.swift */ = {isa = PBXFileReference; fileEncoding = 4; lastKnownFileType = sourcecode.swift; path = GamesRepository.swift; sourceTree = "<group>"; };
		1E78A08424DC3FF80029FCAC /* SpeedRunAPI.swift */ = {isa = PBXFileReference; fileEncoding = 4; lastKnownFileType = sourcecode.swift; path = SpeedRunAPI.swift; sourceTree = "<group>"; };
		1E78A08524DC3FF80029FCAC /* RestClient.swift */ = {isa = PBXFileReference; fileEncoding = 4; lastKnownFileType = sourcecode.swift; path = RestClient.swift; sourceTree = "<group>"; };
		1E78A08624DC3FF80029FCAC /* GameResponse.swift */ = {isa = PBXFileReference; fileEncoding = 4; lastKnownFileType = sourcecode.swift; path = GameResponse.swift; sourceTree = "<group>"; };
		1E78A08B24DC3FFF0029FCAC /* speedruntechMVVMApp.swift */ = {isa = PBXFileReference; lastKnownFileType = sourcecode.swift; path = speedruntechMVVMApp.swift; sourceTree = "<group>"; };
		1E78A08F24DC40270029FCAC /* GetGamesUseCase.swift */ = {isa = PBXFileReference; fileEncoding = 4; lastKnownFileType = sourcecode.swift; path = GetGamesUseCase.swift; sourceTree = "<group>"; };
		1E78A09024DC40270029FCAC /* GetImageUseCase.swift */ = {isa = PBXFileReference; fileEncoding = 4; lastKnownFileType = sourcecode.swift; path = GetImageUseCase.swift; sourceTree = "<group>"; };
		1E78A09424DC40500029FCAC /* GameListView.swift */ = {isa = PBXFileReference; fileEncoding = 4; lastKnownFileType = sourcecode.swift; path = GameListView.swift; sourceTree = "<group>"; };
		1E78A09524DC40500029FCAC /* GameItemView.swift */ = {isa = PBXFileReference; fileEncoding = 4; lastKnownFileType = sourcecode.swift; path = GameItemView.swift; sourceTree = "<group>"; };
		1E78A09624DC40500029FCAC /* GameListViewModel.swift */ = {isa = PBXFileReference; fileEncoding = 4; lastKnownFileType = sourcecode.swift; path = GameListViewModel.swift; sourceTree = "<group>"; };
		1E78A09724DC40500029FCAC /* GameItemViewModel.swift */ = {isa = PBXFileReference; fileEncoding = 4; lastKnownFileType = sourcecode.swift; path = GameItemViewModel.swift; sourceTree = "<group>"; };
/* End PBXFileReference section */

/* Begin PBXFrameworksBuildPhase section */
		1E78A04B24DC3F6B0029FCAC /* Frameworks */ = {
			isa = PBXFrameworksBuildPhase;
			buildActionMask = 2147483647;
			files = (
			);
			runOnlyForDeploymentPostprocessing = 0;
		};
		1E78A05C24DC3F6C0029FCAC /* Frameworks */ = {
			isa = PBXFrameworksBuildPhase;
			buildActionMask = 2147483647;
			files = (
			);
			runOnlyForDeploymentPostprocessing = 0;
		};
		1E78A06724DC3F6C0029FCAC /* Frameworks */ = {
			isa = PBXFrameworksBuildPhase;
			buildActionMask = 2147483647;
			files = (
			);
			runOnlyForDeploymentPostprocessing = 0;
		};
/* End PBXFrameworksBuildPhase section */

/* Begin PBXGroup section */
		1E78A04524DC3F6B0029FCAC = {
			isa = PBXGroup;
			children = (
				1E78A05024DC3F6B0029FCAC /* speedruntechMVVM */,
				1E78A06224DC3F6C0029FCAC /* speedruntechMVVMTests */,
				1E78A06D24DC3F6C0029FCAC /* speedruntechMVVMUITests */,
				1E78A04F24DC3F6B0029FCAC /* Products */,
			);
			sourceTree = "<group>";
		};
		1E78A04F24DC3F6B0029FCAC /* Products */ = {
			isa = PBXGroup;
			children = (
				1E78A04E24DC3F6B0029FCAC /* speedruntechMVVM.app */,
				1E78A05F24DC3F6C0029FCAC /* speedruntechMVVMTests.xctest */,
				1E78A06A24DC3F6C0029FCAC /* speedruntechMVVMUITests.xctest */,
			);
			name = Products;
			sourceTree = "<group>";
		};
		1E78A05024DC3F6B0029FCAC /* speedruntechMVVM */ = {
			isa = PBXGroup;
			children = (
				1E78A07E24DC3FE50029FCAC /* Application */,
				1E78A08124DC3FF80029FCAC /* Data */,
				1E78A08D24DC40270029FCAC /* Domain */,
				1E78A09324DC40500029FCAC /* View */,
				1E78A05524DC3F6C0029FCAC /* Assets.xcassets */,
				1E78A05A24DC3F6C0029FCAC /* Info.plist */,
				1E78A05724DC3F6C0029FCAC /* Preview Content */,
			);
			path = speedruntechMVVM;
			sourceTree = "<group>";
		};
		1E78A05724DC3F6C0029FCAC /* Preview Content */ = {
			isa = PBXGroup;
			children = (
				1E78A05824DC3F6C0029FCAC /* Preview Assets.xcassets */,
			);
			path = "Preview Content";
			sourceTree = "<group>";
		};
		1E78A06224DC3F6C0029FCAC /* speedruntechMVVMTests */ = {
			isa = PBXGroup;
			children = (
				1E78A06324DC3F6C0029FCAC /* speedruntechMVVMTests.swift */,
				1E78A06524DC3F6C0029FCAC /* Info.plist */,
			);
			path = speedruntechMVVMTests;
			sourceTree = "<group>";
		};
		1E78A06D24DC3F6C0029FCAC /* speedruntechMVVMUITests */ = {
			isa = PBXGroup;
			children = (
				1E78A06E24DC3F6C0029FCAC /* speedruntechMVVMUITests.swift */,
				1E78A07024DC3F6C0029FCAC /* Info.plist */,
			);
			path = speedruntechMVVMUITests;
			sourceTree = "<group>";
		};
		1E78A07E24DC3FE50029FCAC /* Application */ = {
			isa = PBXGroup;
			children = (
				1E78A08B24DC3FFF0029FCAC /* speedruntechMVVMApp.swift */,
				1E78A07F24DC3FE50029FCAC /* Constants.swift */,
			);
			name = Application;
			path = "../../speedruntechMVVM copia/speedruntechMVVM/Application";
			sourceTree = "<group>";
		};
		1E78A08124DC3FF80029FCAC /* Data */ = {
			isa = PBXGroup;
			children = (
				1E78A08224DC3FF80029FCAC /* GamesRepository.swift */,
				1E78A08324DC3FF80029FCAC /* API */,
			);
			path = Data;
			sourceTree = "<group>";
		};
		1E78A08324DC3FF80029FCAC /* API */ = {
			isa = PBXGroup;
			children = (
				1E78A08424DC3FF80029FCAC /* SpeedRunAPI.swift */,
				1E78A08524DC3FF80029FCAC /* RestClient.swift */,
				1E78A08624DC3FF80029FCAC /* GameResponse.swift */,
			);
			path = API;
			sourceTree = "<group>";
		};
		1E78A08D24DC40270029FCAC /* Domain */ = {
			isa = PBXGroup;
			children = (
				1E78A08E24DC40270029FCAC /* Use Cases */,
			);
			path = Domain;
			sourceTree = "<group>";
		};
		1E78A08E24DC40270029FCAC /* Use Cases */ = {
			isa = PBXGroup;
			children = (
				1E78A08F24DC40270029FCAC /* GetGamesUseCase.swift */,
				1E78A09024DC40270029FCAC /* GetImageUseCase.swift */,
			);
			path = "Use Cases";
			sourceTree = "<group>";
		};
		1E78A09324DC40500029FCAC /* View */ = {
			isa = PBXGroup;
			children = (
				1E78A09424DC40500029FCAC /* GameListView.swift */,
				1E78A09524DC40500029FCAC /* GameItemView.swift */,
				1E78A09624DC40500029FCAC /* GameListViewModel.swift */,
				1E78A09724DC40500029FCAC /* GameItemViewModel.swift */,
			);
			path = View;
			sourceTree = "<group>";
		};
/* End PBXGroup section */

/* Begin PBXNativeTarget section */
		1E78A04D24DC3F6B0029FCAC /* speedruntechMVVM */ = {
			isa = PBXNativeTarget;
			buildConfigurationList = 1E78A07324DC3F6C0029FCAC /* Build configuration list for PBXNativeTarget "speedruntechMVVM" */;
			buildPhases = (
				1E78A04A24DC3F6B0029FCAC /* Sources */,
				1E78A04B24DC3F6B0029FCAC /* Frameworks */,
				1E78A04C24DC3F6B0029FCAC /* Resources */,
			);
			buildRules = (
			);
			dependencies = (
			);
			name = speedruntechMVVM;
			productName = speedruntechMVVM;
			productReference = 1E78A04E24DC3F6B0029FCAC /* speedruntechMVVM.app */;
			productType = "com.apple.product-type.application";
		};
		1E78A05E24DC3F6C0029FCAC /* speedruntechMVVMTests */ = {
			isa = PBXNativeTarget;
			buildConfigurationList = 1E78A07624DC3F6C0029FCAC /* Build configuration list for PBXNativeTarget "speedruntechMVVMTests" */;
			buildPhases = (
				1E78A05B24DC3F6C0029FCAC /* Sources */,
				1E78A05C24DC3F6C0029FCAC /* Frameworks */,
				1E78A05D24DC3F6C0029FCAC /* Resources */,
			);
			buildRules = (
			);
			dependencies = (
				1E78A06124DC3F6C0029FCAC /* PBXTargetDependency */,
			);
			name = speedruntechMVVMTests;
			productName = speedruntechMVVMTests;
			productReference = 1E78A05F24DC3F6C0029FCAC /* speedruntechMVVMTests.xctest */;
			productType = "com.apple.product-type.bundle.unit-test";
		};
		1E78A06924DC3F6C0029FCAC /* speedruntechMVVMUITests */ = {
			isa = PBXNativeTarget;
			buildConfigurationList = 1E78A07924DC3F6C0029FCAC /* Build configuration list for PBXNativeTarget "speedruntechMVVMUITests" */;
			buildPhases = (
				1E78A06624DC3F6C0029FCAC /* Sources */,
				1E78A06724DC3F6C0029FCAC /* Frameworks */,
				1E78A06824DC3F6C0029FCAC /* Resources */,
			);
			buildRules = (
			);
			dependencies = (
				1E78A06C24DC3F6C0029FCAC /* PBXTargetDependency */,
			);
			name = speedruntechMVVMUITests;
			productName = speedruntechMVVMUITests;
			productReference = 1E78A06A24DC3F6C0029FCAC /* speedruntechMVVMUITests.xctest */;
			productType = "com.apple.product-type.bundle.ui-testing";
		};
/* End PBXNativeTarget section */

/* Begin PBXProject section */
		1E78A04624DC3F6B0029FCAC /* Project object */ = {
			isa = PBXProject;
			attributes = {
				LastSwiftUpdateCheck = 1200;
				LastUpgradeCheck = 1200;
				TargetAttributes = {
					1E78A04D24DC3F6B0029FCAC = {
						CreatedOnToolsVersion = 12.0;
					};
					1E78A05E24DC3F6C0029FCAC = {
						CreatedOnToolsVersion = 12.0;
						TestTargetID = 1E78A04D24DC3F6B0029FCAC;
					};
					1E78A06924DC3F6C0029FCAC = {
						CreatedOnToolsVersion = 12.0;
						TestTargetID = 1E78A04D24DC3F6B0029FCAC;
					};
				};
			};
			buildConfigurationList = 1E78A04924DC3F6B0029FCAC /* Build configuration list for PBXProject "speedruntechMVVM" */;
			compatibilityVersion = "Xcode 9.3";
			developmentRegion = en;
			hasScannedForEncodings = 0;
			knownRegions = (
				en,
				Base,
			);
			mainGroup = 1E78A04524DC3F6B0029FCAC;
			productRefGroup = 1E78A04F24DC3F6B0029FCAC /* Products */;
			projectDirPath = "";
			projectRoot = "";
			targets = (
				1E78A04D24DC3F6B0029FCAC /* speedruntechMVVM */,
				1E78A05E24DC3F6C0029FCAC /* speedruntechMVVMTests */,
				1E78A06924DC3F6C0029FCAC /* speedruntechMVVMUITests */,
			);
		};
/* End PBXProject section */

/* Begin PBXResourcesBuildPhase section */
		1E78A04C24DC3F6B0029FCAC /* Resources */ = {
			isa = PBXResourcesBuildPhase;
			buildActionMask = 2147483647;
			files = (
				1E78A05924DC3F6C0029FCAC /* Preview Assets.xcassets in Resources */,
				1E78A05624DC3F6C0029FCAC /* Assets.xcassets in Resources */,
			);
			runOnlyForDeploymentPostprocessing = 0;
		};
		1E78A05D24DC3F6C0029FCAC /* Resources */ = {
			isa = PBXResourcesBuildPhase;
			buildActionMask = 2147483647;
			files = (
			);
			runOnlyForDeploymentPostprocessing = 0;
		};
		1E78A06824DC3F6C0029FCAC /* Resources */ = {
			isa = PBXResourcesBuildPhase;
			buildActionMask = 2147483647;
			files = (
			);
			runOnlyForDeploymentPostprocessing = 0;
		};
/* End PBXResourcesBuildPhase section */

/* Begin PBXSourcesBuildPhase section */
		1E78A04A24DC3F6B0029FCAC /* Sources */ = {
			isa = PBXSourcesBuildPhase;
			buildActionMask = 2147483647;
			files = (
				1E78A09224DC40270029FCAC /* GetImageUseCase.swift in Sources */,
				1E78A08724DC3FF80029FCAC /* GamesRepository.swift in Sources */,
				1E78A08824DC3FF80029FCAC /* SpeedRunAPI.swift in Sources */,
				1E78A08A24DC3FF80029FCAC /* GameResponse.swift in Sources */,
				1E78A08C24DC3FFF0029FCAC /* speedruntechMVVMApp.swift in Sources */,
				1E78A09A24DC40500029FCAC /* GameListViewModel.swift in Sources */,
				1E78A08924DC3FF80029FCAC /* RestClient.swift in Sources */,
				1E78A09B24DC40500029FCAC /* GameItemViewModel.swift in Sources */,
				1E78A09124DC40270029FCAC /* GetGamesUseCase.swift in Sources */,
				1E78A09924DC40500029FCAC /* GameItemView.swift in Sources */,
				1E78A08024DC3FE50029FCAC /* Constants.swift in Sources */,
				1E78A09824DC40500029FCAC /* GameListView.swift in Sources */,
			);
			runOnlyForDeploymentPostprocessing = 0;
		};
		1E78A05B24DC3F6C0029FCAC /* Sources */ = {
			isa = PBXSourcesBuildPhase;
			buildActionMask = 2147483647;
			files = (
				1E78A06424DC3F6C0029FCAC /* speedruntechMVVMTests.swift in Sources */,
			);
			runOnlyForDeploymentPostprocessing = 0;
		};
		1E78A06624DC3F6C0029FCAC /* Sources */ = {
			isa = PBXSourcesBuildPhase;
			buildActionMask = 2147483647;
			files = (
				1E78A06F24DC3F6C0029FCAC /* speedruntechMVVMUITests.swift in Sources */,
			);
			runOnlyForDeploymentPostprocessing = 0;
		};
/* End PBXSourcesBuildPhase section */

/* Begin PBXTargetDependency section */
		1E78A06124DC3F6C0029FCAC /* PBXTargetDependency */ = {
			isa = PBXTargetDependency;
			target = 1E78A04D24DC3F6B0029FCAC /* speedruntechMVVM */;
			targetProxy = 1E78A06024DC3F6C0029FCAC /* PBXContainerItemProxy */;
		};
		1E78A06C24DC3F6C0029FCAC /* PBXTargetDependency */ = {
			isa = PBXTargetDependency;
			target = 1E78A04D24DC3F6B0029FCAC /* speedruntechMVVM */;
			targetProxy = 1E78A06B24DC3F6C0029FCAC /* PBXContainerItemProxy */;
		};
/* End PBXTargetDependency section */

/* Begin XCBuildConfiguration section */
		1E78A07124DC3F6C0029FCAC /* Debug */ = {
			isa = XCBuildConfiguration;
			buildSettings = {
				ALWAYS_SEARCH_USER_PATHS = NO;
				CLANG_ANALYZER_NONNULL = YES;
				CLANG_ANALYZER_NUMBER_OBJECT_CONVERSION = YES_AGGRESSIVE;
				CLANG_CXX_LANGUAGE_STANDARD = "gnu++14";
				CLANG_CXX_LIBRARY = "libc++";
				CLANG_ENABLE_MODULES = YES;
				CLANG_ENABLE_OBJC_ARC = YES;
				CLANG_ENABLE_OBJC_WEAK = YES;
				CLANG_WARN_BLOCK_CAPTURE_AUTORELEASING = YES;
				CLANG_WARN_BOOL_CONVERSION = YES;
				CLANG_WARN_COMMA = YES;
				CLANG_WARN_CONSTANT_CONVERSION = YES;
				CLANG_WARN_DEPRECATED_OBJC_IMPLEMENTATIONS = YES;
				CLANG_WARN_DIRECT_OBJC_ISA_USAGE = YES_ERROR;
				CLANG_WARN_DOCUMENTATION_COMMENTS = YES;
				CLANG_WARN_EMPTY_BODY = YES;
				CLANG_WARN_ENUM_CONVERSION = YES;
				CLANG_WARN_INFINITE_RECURSION = YES;
				CLANG_WARN_INT_CONVERSION = YES;
				CLANG_WARN_NON_LITERAL_NULL_CONVERSION = YES;
				CLANG_WARN_OBJC_IMPLICIT_RETAIN_SELF = YES;
				CLANG_WARN_OBJC_LITERAL_CONVERSION = YES;
				CLANG_WARN_OBJC_ROOT_CLASS = YES_ERROR;
				CLANG_WARN_QUOTED_INCLUDE_IN_FRAMEWORK_HEADER = YES;
				CLANG_WARN_RANGE_LOOP_ANALYSIS = YES;
				CLANG_WARN_STRICT_PROTOTYPES = YES;
				CLANG_WARN_SUSPICIOUS_MOVE = YES;
				CLANG_WARN_UNGUARDED_AVAILABILITY = YES_AGGRESSIVE;
				CLANG_WARN_UNREACHABLE_CODE = YES;
				CLANG_WARN__DUPLICATE_METHOD_MATCH = YES;
				COPY_PHASE_STRIP = NO;
				DEBUG_INFORMATION_FORMAT = dwarf;
				ENABLE_STRICT_OBJC_MSGSEND = YES;
				ENABLE_TESTABILITY = YES;
				GCC_C_LANGUAGE_STANDARD = gnu11;
				GCC_DYNAMIC_NO_PIC = NO;
				GCC_NO_COMMON_BLOCKS = YES;
				GCC_OPTIMIZATION_LEVEL = 0;
				GCC_PREPROCESSOR_DEFINITIONS = (
					"DEBUG=1",
					"$(inherited)",
				);
				GCC_WARN_64_TO_32_BIT_CONVERSION = YES;
				GCC_WARN_ABOUT_RETURN_TYPE = YES_ERROR;
				GCC_WARN_UNDECLARED_SELECTOR = YES;
				GCC_WARN_UNINITIALIZED_AUTOS = YES_AGGRESSIVE;
				GCC_WARN_UNUSED_FUNCTION = YES;
				GCC_WARN_UNUSED_VARIABLE = YES;
				IPHONEOS_DEPLOYMENT_TARGET = 14.0;
				MTL_ENABLE_DEBUG_INFO = INCLUDE_SOURCE;
				MTL_FAST_MATH = YES;
				ONLY_ACTIVE_ARCH = YES;
				SDKROOT = iphoneos;
				SWIFT_ACTIVE_COMPILATION_CONDITIONS = DEBUG;
				SWIFT_OPTIMIZATION_LEVEL = "-Onone";
			};
			name = Debug;
		};
		1E78A07224DC3F6C0029FCAC /* Release */ = {
			isa = XCBuildConfiguration;
			buildSettings = {
				ALWAYS_SEARCH_USER_PATHS = NO;
				CLANG_ANALYZER_NONNULL = YES;
				CLANG_ANALYZER_NUMBER_OBJECT_CONVERSION = YES_AGGRESSIVE;
				CLANG_CXX_LANGUAGE_STANDARD = "gnu++14";
				CLANG_CXX_LIBRARY = "libc++";
				CLANG_ENABLE_MODULES = YES;
				CLANG_ENABLE_OBJC_ARC = YES;
				CLANG_ENABLE_OBJC_WEAK = YES;
				CLANG_WARN_BLOCK_CAPTURE_AUTORELEASING = YES;
				CLANG_WARN_BOOL_CONVERSION = YES;
				CLANG_WARN_COMMA = YES;
				CLANG_WARN_CONSTANT_CONVERSION = YES;
				CLANG_WARN_DEPRECATED_OBJC_IMPLEMENTATIONS = YES;
				CLANG_WARN_DIRECT_OBJC_ISA_USAGE = YES_ERROR;
				CLANG_WARN_DOCUMENTATION_COMMENTS = YES;
				CLANG_WARN_EMPTY_BODY = YES;
				CLANG_WARN_ENUM_CONVERSION = YES;
				CLANG_WARN_INFINITE_RECURSION = YES;
				CLANG_WARN_INT_CONVERSION = YES;
				CLANG_WARN_NON_LITERAL_NULL_CONVERSION = YES;
				CLANG_WARN_OBJC_IMPLICIT_RETAIN_SELF = YES;
				CLANG_WARN_OBJC_LITERAL_CONVERSION = YES;
				CLANG_WARN_OBJC_ROOT_CLASS = YES_ERROR;
				CLANG_WARN_QUOTED_INCLUDE_IN_FRAMEWORK_HEADER = YES;
				CLANG_WARN_RANGE_LOOP_ANALYSIS = YES;
				CLANG_WARN_STRICT_PROTOTYPES = YES;
				CLANG_WARN_SUSPICIOUS_MOVE = YES;
				CLANG_WARN_UNGUARDED_AVAILABILITY = YES_AGGRESSIVE;
				CLANG_WARN_UNREACHABLE_CODE = YES;
				CLANG_WARN__DUPLICATE_METHOD_MATCH = YES;
				COPY_PHASE_STRIP = NO;
				DEBUG_INFORMATION_FORMAT = "dwarf-with-dsym";
				ENABLE_NS_ASSERTIONS = NO;
				ENABLE_STRICT_OBJC_MSGSEND = YES;
				GCC_C_LANGUAGE_STANDARD = gnu11;
				GCC_NO_COMMON_BLOCKS = YES;
				GCC_WARN_64_TO_32_BIT_CONVERSION = YES;
				GCC_WARN_ABOUT_RETURN_TYPE = YES_ERROR;
				GCC_WARN_UNDECLARED_SELECTOR = YES;
				GCC_WARN_UNINITIALIZED_AUTOS = YES_AGGRESSIVE;
				GCC_WARN_UNUSED_FUNCTION = YES;
				GCC_WARN_UNUSED_VARIABLE = YES;
				IPHONEOS_DEPLOYMENT_TARGET = 14.0;
				MTL_ENABLE_DEBUG_INFO = NO;
				MTL_FAST_MATH = YES;
				SDKROOT = iphoneos;
				SWIFT_COMPILATION_MODE = wholemodule;
				SWIFT_OPTIMIZATION_LEVEL = "-O";
				VALIDATE_PRODUCT = YES;
			};
			name = Release;
		};
		1E78A07424DC3F6C0029FCAC /* Debug */ = {
			isa = XCBuildConfiguration;
			buildSettings = {
				ASSETCATALOG_COMPILER_APPICON_NAME = AppIcon;
				ASSETCATALOG_COMPILER_GLOBAL_ACCENT_COLOR_NAME = AccentColor;
				CODE_SIGN_STYLE = Automatic;
				DEVELOPMENT_ASSET_PATHS = "\"speedruntechMVVM/Preview Content\"";
				DEVELOPMENT_TEAM = 63EKWE9RKB;
				ENABLE_PREVIEWS = YES;
				INFOPLIST_FILE = speedruntechMVVM/Info.plist;
				IPHONEOS_DEPLOYMENT_TARGET = 14.0;
				LD_RUNPATH_SEARCH_PATHS = (
					"$(inherited)",
					"@executable_path/Frameworks",
				);
				PRODUCT_BUNDLE_IDENTIFIER = com.jmorgaz.speedruntechMVVM;
				PRODUCT_NAME = "$(TARGET_NAME)";
				SWIFT_VERSION = 5.0;
				TARGETED_DEVICE_FAMILY = "1,2";
			};
			name = Debug;
		};
		1E78A07524DC3F6C0029FCAC /* Release */ = {
			isa = XCBuildConfiguration;
			buildSettings = {
				ASSETCATALOG_COMPILER_APPICON_NAME = AppIcon;
				ASSETCATALOG_COMPILER_GLOBAL_ACCENT_COLOR_NAME = AccentColor;
				CODE_SIGN_STYLE = Automatic;
				DEVELOPMENT_ASSET_PATHS = "\"speedruntechMVVM/Preview Content\"";
				DEVELOPMENT_TEAM = 63EKWE9RKB;
				ENABLE_PREVIEWS = YES;
				INFOPLIST_FILE = speedruntechMVVM/Info.plist;
				IPHONEOS_DEPLOYMENT_TARGET = 14.0;
				LD_RUNPATH_SEARCH_PATHS = (
					"$(inherited)",
					"@executable_path/Frameworks",
				);
				PRODUCT_BUNDLE_IDENTIFIER = com.jmorgaz.speedruntechMVVM;
				PRODUCT_NAME = "$(TARGET_NAME)";
				SWIFT_VERSION = 5.0;
				TARGETED_DEVICE_FAMILY = "1,2";
			};
			name = Release;
		};
		1E78A07724DC3F6C0029FCAC /* Debug */ = {
			isa = XCBuildConfiguration;
			buildSettings = {
				ALWAYS_EMBED_SWIFT_STANDARD_LIBRARIES = YES;
				BUNDLE_LOADER = "$(TEST_HOST)";
				CODE_SIGN_STYLE = Automatic;
				DEVELOPMENT_TEAM = 63EKWE9RKB;
				INFOPLIST_FILE = speedruntechMVVMTests/Info.plist;
				IPHONEOS_DEPLOYMENT_TARGET = 14.0;
				LD_RUNPATH_SEARCH_PATHS = (
					"$(inherited)",
					"@executable_path/Frameworks",
					"@loader_path/Frameworks",
				);
				PRODUCT_BUNDLE_IDENTIFIER = com.jmorgaz.speedruntechMVVMTests;
				PRODUCT_NAME = "$(TARGET_NAME)";
				SWIFT_VERSION = 5.0;
				TARGETED_DEVICE_FAMILY = "1,2";
				TEST_HOST = "$(BUILT_PRODUCTS_DIR)/speedruntechMVVM.app/speedruntechMVVM";
			};
			name = Debug;
		};
		1E78A07824DC3F6C0029FCAC /* Release */ = {
			isa = XCBuildConfiguration;
			buildSettings = {
				ALWAYS_EMBED_SWIFT_STANDARD_LIBRARIES = YES;
				BUNDLE_LOADER = "$(TEST_HOST)";
				CODE_SIGN_STYLE = Automatic;
				DEVELOPMENT_TEAM = 63EKWE9RKB;
				INFOPLIST_FILE = speedruntechMVVMTests/Info.plist;
				IPHONEOS_DEPLOYMENT_TARGET = 14.0;
				LD_RUNPATH_SEARCH_PATHS = (
					"$(inherited)",
					"@executable_path/Frameworks",
					"@loader_path/Frameworks",
				);
				PRODUCT_BUNDLE_IDENTIFIER = com.jmorgaz.speedruntechMVVMTests;
				PRODUCT_NAME = "$(TARGET_NAME)";
				SWIFT_VERSION = 5.0;
				TARGETED_DEVICE_FAMILY = "1,2";
				TEST_HOST = "$(BUILT_PRODUCTS_DIR)/speedruntechMVVM.app/speedruntechMVVM";
			};
			name = Release;
		};
		1E78A07A24DC3F6C0029FCAC /* Debug */ = {
			isa = XCBuildConfiguration;
			buildSettings = {
				ALWAYS_EMBED_SWIFT_STANDARD_LIBRARIES = YES;
				CODE_SIGN_STYLE = Automatic;
				DEVELOPMENT_TEAM = 63EKWE9RKB;
				INFOPLIST_FILE = speedruntechMVVMUITests/Info.plist;
				LD_RUNPATH_SEARCH_PATHS = (
					"$(inherited)",
					"@executable_path/Frameworks",
					"@loader_path/Frameworks",
				);
				PRODUCT_BUNDLE_IDENTIFIER = com.jmorgaz.speedruntechMVVMUITests;
				PRODUCT_NAME = "$(TARGET_NAME)";
				SWIFT_VERSION = 5.0;
				TARGETED_DEVICE_FAMILY = "1,2";
				TEST_TARGET_NAME = speedruntechMVVM;
			};
			name = Debug;
		};
		1E78A07B24DC3F6C0029FCAC /* Release */ = {
			isa = XCBuildConfiguration;
			buildSettings = {
				ALWAYS_EMBED_SWIFT_STANDARD_LIBRARIES = YES;
				CODE_SIGN_STYLE = Automatic;
				DEVELOPMENT_TEAM = 63EKWE9RKB;
				INFOPLIST_FILE = speedruntechMVVMUITests/Info.plist;
				LD_RUNPATH_SEARCH_PATHS = (
					"$(inherited)",
					"@executable_path/Frameworks",
					"@loader_path/Frameworks",
				);
				PRODUCT_BUNDLE_IDENTIFIER = com.jmorgaz.speedruntechMVVMUITests;
				PRODUCT_NAME = "$(TARGET_NAME)";
				SWIFT_VERSION = 5.0;
				TARGETED_DEVICE_FAMILY = "1,2";
				TEST_TARGET_NAME = speedruntechMVVM;
			};
			name = Release;
		};
/* End XCBuildConfiguration section */

/* Begin XCConfigurationList section */
		1E78A04924DC3F6B0029FCAC /* Build configuration list for PBXProject "speedruntechMVVM" */ = {
			isa = XCConfigurationList;
			buildConfigurations = (
				1E78A07124DC3F6C0029FCAC /* Debug */,
				1E78A07224DC3F6C0029FCAC /* Release */,
			);
			defaultConfigurationIsVisible = 0;
			defaultConfigurationName = Release;
		};
		1E78A07324DC3F6C0029FCAC /* Build configuration list for PBXNativeTarget "speedruntechMVVM" */ = {
			isa = XCConfigurationList;
			buildConfigurations = (
				1E78A07424DC3F6C0029FCAC /* Debug */,
				1E78A07524DC3F6C0029FCAC /* Release */,
			);
			defaultConfigurationIsVisible = 0;
			defaultConfigurationName = Release;
		};
		1E78A07624DC3F6C0029FCAC /* Build configuration list for PBXNativeTarget "speedruntechMVVMTests" */ = {
			isa = XCConfigurationList;
			buildConfigurations = (
				1E78A07724DC3F6C0029FCAC /* Debug */,
				1E78A07824DC3F6C0029FCAC /* Release */,
			);
			defaultConfigurationIsVisible = 0;
			defaultConfigurationName = Release;
		};
		1E78A07924DC3F6C0029FCAC /* Build configuration list for PBXNativeTarget "speedruntechMVVMUITests" */ = {
			isa = XCConfigurationList;
			buildConfigurations = (
				1E78A07A24DC3F6C0029FCAC /* Debug */,
				1E78A07B24DC3F6C0029FCAC /* Release */,
			);
			defaultConfigurationIsVisible = 0;
			defaultConfigurationName = Release;
		};
/* End XCConfigurationList section */
	};
	rootObject = 1E78A04624DC3F6B0029FCAC /* Project object */;
}
